
Microsoft Visual Studio Solution File, Format Version 12.00
# Visual Studio Version 17
VisualStudioVersion = 17.10.35004.147
MinimumVisualStudioVersion = 10.0.40219.1
Project("{9A19103F-16F7-4668-BE54-9A1E7A4F7556}") = "Blazr.Timers", "Blazr.Timers\Blazr.Timers.csproj", "{A4DD7BDB-2649-41F5-B917-E1878021D60F}"
EndProject
Project("{2150E333-8FDC-42A3-9474-1A3956D46DE8}") = "Solution Items", "Solution Items", "{8848AFBA-4A53-44D0-9ED3-22F878CF40C1}"
	ProjectSection(SolutionItems) = preProject
		readme.md = readme.md
	EndProjectSection
EndProject
Global
	GlobalSection(SolutionConfigurationPlatforms) = preSolution
		Debug|Any CPU = Debug|Any CPU
		Release|Any CPU = Release|Any CPU
	EndGlobalSection
	GlobalSection(ProjectConfigurationPlatforms) = postSolution
		{A4DD7BDB-2649-41F5-B917-E1878021D60F}.Debug|Any CPU.ActiveCfg = Debug|Any CPU
		{A4DD7BDB-2649-41F5-B917-E1878021D60F}.Debug|Any CPU.Build.0 = Debug|Any CPU
		{A4DD7BDB-2649-41F5-B917-E1878021D60F}.Release|Any CPU.ActiveCfg = Release|Any CPU
		{A4DD7BDB-2649-41F5-B917-E1878021D60F}.Release|Any CPU.Build.0 = Release|Any CPU
	EndGlobalSection
	GlobalSection(SolutionProperties) = preSolution
		HideSolutionNode = FALSE
	EndGlobalSection
	GlobalSection(ExtensibilityGlobals) = postSolution
		SolutionGuid = {458C68B2-641C-4BF8-AF6C-6E7F6EDB9140}
	EndGlobalSection
EndGlobal
